
Microsoft Visual Studio Solution File, Format Version 12.00
# Visual Studio Version 17
VisualStudioVersion = 17.7.34221.43
MinimumVisualStudioVersion = 10.0.40219.1
Project("{FAE04EC0-301F-11D3-BF4B-00C04F79EFBC}") = "WebApplication1", "WebApplication1\WebApplication1.csproj", "{FBB3C786-3A9E-411D-84BA-15372CADDA69}"
EndProject
Global
	GlobalSection(SolutionConfigurationPlatforms) = preSolution
		Debug|Any CPU = Debug|Any CPU
		Release|Any CPU = Release|Any CPU
	EndGlobalSection
	GlobalSection(ProjectConfigurationPlatforms) = postSolution
		{FBB3C786-3A9E-411D-84BA-15372CADDA69}.Debug|Any CPU.ActiveCfg = Debug|Any CPU
		{FBB3C786-3A9E-411D-84BA-15372CADDA69}.Debug|Any CPU.Build.0 = Debug|Any CPU
		{FBB3C786-3A9E-411D-84BA-15372CADDA69}.Release|Any CPU.ActiveCfg = Release|Any CPU
		{FBB3C786-3A9E-411D-84BA-15372CADDA69}.Release|Any CPU.Build.0 = Release|Any CPU
	EndGlobalSection
	GlobalSection(SolutionProperties) = preSolution
		HideSolutionNode = FALSE
	EndGlobalSection
	GlobalSection(ExtensibilityGlobals) = postSolution
		SolutionGuid = {5CF3BC7A-E970-4F69-ACDC-23310E95A53B}
	EndGlobalSection
EndGlobal
